// !$*UTF8*$!
{
	archiveVersion = 1;
	classes = {
	};
	objectVersion = 46;
	objects = {

/* Begin PBXBuildFile section */
		4D277A6D1E143F86001C52AD /* ViewController.swift in Sources */ = {isa = PBXBuildFile; fileRef = 4D277A691E143F86001C52AD /* ViewController.swift */; };
		4D277A6E1E143F86001C52AD /* WebViewController.swift in Sources */ = {isa = PBXBuildFile; fileRef = 4D277A6A1E143F86001C52AD /* WebViewController.swift */; };
		4D277A6F1E143F86001C52AD /* FormViewController.swift in Sources */ = {isa = PBXBuildFile; fileRef = 4D277A6B1E143F86001C52AD /* FormViewController.swift */; };
		4D277A701E143F86001C52AD /* NavigationController.swift in Sources */ = {isa = PBXBuildFile; fileRef = 4D277A6C1E143F86001C52AD /* NavigationController.swift */; };
		4D277A741E143F8F001C52AD /* Storyboards.swift in Sources */ = {isa = PBXBuildFile; fileRef = 4D277A711E143F8F001C52AD /* Storyboards.swift */; };
		4D277A751E143F8F001C52AD /* Constants.swift in Sources */ = {isa = PBXBuildFile; fileRef = 4D277A721E143F8F001C52AD /* Constants.swift */; };
		4D277A761E143F8F001C52AD /* Services.swift in Sources */ = {isa = PBXBuildFile; fileRef = 4D277A731E143F8F001C52AD /* Services.swift */; };
		4D277A781E143F99001C52AD /* Services.plist in Resources */ = {isa = PBXBuildFile; fileRef = 4D277A771E143F99001C52AD /* Services.plist */; };
		4D277A7B1E143FB0001C52AD /* LaunchScreen.storyboard in Resources */ = {isa = PBXBuildFile; fileRef = 4D277A791E143FB0001C52AD /* LaunchScreen.storyboard */; };
		4D277A7C1E143FB0001C52AD /* Main.storyboard in Resources */ = {isa = PBXBuildFile; fileRef = 4D277A7A1E143FB0001C52AD /* Main.storyboard */; };
		4DF3CAC01E131AA8007B64B6 /* AppDelegate.swift in Sources */ = {isa = PBXBuildFile; fileRef = 4DF3CABF1E131AA8007B64B6 /* AppDelegate.swift */; };
		4DF3CAC71E131AA8007B64B6 /* Assets.xcassets in Resources */ = {isa = PBXBuildFile; fileRef = 4DF3CAC61E131AA8007B64B6 /* Assets.xcassets */; };
		4DF3CAD51E131AA8007B64B6 /* PhotoBrieferTests.swift in Sources */ = {isa = PBXBuildFile; fileRef = 4DF3CAD41E131AA8007B64B6 /* PhotoBrieferTests.swift */; };
		4DF3CAE01E131AA8007B64B6 /* PhotoBrieferUITests.swift in Sources */ = {isa = PBXBuildFile; fileRef = 4DF3CADF1E131AA8007B64B6 /* PhotoBrieferUITests.swift */; };
/* End PBXBuildFile section */

/* Begin PBXContainerItemProxy section */
		4DF348FD1E1371B10058E156 /* PBXContainerItemProxy */ = {
			isa = PBXContainerItemProxy;
			containerPortal = 4DF348F31E1371B10058E156 /* OAuthSwift.xcodeproj */;
			proxyType = 2;
			remoteGlobalIDString = F435027A1A6791B200038A29;
			remoteInfo = OAuthSwift;
		};
		4DF348FF1E1371B10058E156 /* PBXContainerItemProxy */ = {
			isa = PBXContainerItemProxy;
			containerPortal = 4DF348F31E1371B10058E156 /* OAuthSwift.xcodeproj */;
			proxyType = 2;
			remoteGlobalIDString = C48B28021AFA598D00C7DEF6;
			remoteInfo = OAuthSwiftOSX;
		};
		4DF349011E1371B10058E156 /* PBXContainerItemProxy */ = {
			isa = PBXContainerItemProxy;
			containerPortal = 4DF348F31E1371B10058E156 /* OAuthSwift.xcodeproj */;
			proxyType = 2;
			remoteGlobalIDString = C4B6EE1E1BF74CE300443596;
			remoteInfo = OAuthSwiftTVOS;
		};
		4DF349031E1371B10058E156 /* PBXContainerItemProxy */ = {
			isa = PBXContainerItemProxy;
			containerPortal = 4DF348F31E1371B10058E156 /* OAuthSwift.xcodeproj */;
			proxyType = 2;
			remoteGlobalIDString = C40890C01C11B37000E3146A;
			remoteInfo = OAuthSwiftWatchOS;
		};
		4DF349051E1371B10058E156 /* PBXContainerItemProxy */ = {
			isa = PBXContainerItemProxy;
			containerPortal = 4DF348F31E1371B10058E156 /* OAuthSwift.xcodeproj */;
			proxyType = 2;
			remoteGlobalIDString = F451E3C5195B8CD80051434C;
			remoteInfo = OAuthSwiftDemo;
		};
		4DF349071E1371B10058E156 /* PBXContainerItemProxy */ = {
			isa = PBXContainerItemProxy;
			containerPortal = 4DF348F31E1371B10058E156 /* OAuthSwift.xcodeproj */;
			proxyType = 2;
			remoteGlobalIDString = C49FD5241AFB5DF500791E1A;
			remoteInfo = OAuthSwiftOSXDemo;
		};
		4DF349091E1371B10058E156 /* PBXContainerItemProxy */ = {
			isa = PBXContainerItemProxy;
			containerPortal = 4DF348F31E1371B10058E156 /* OAuthSwift.xcodeproj */;
			proxyType = 2;
			remoteGlobalIDString = C4D50DF71BFB693F0053B624;
			remoteInfo = OAuthSwiftTests;
		};
		4DF3490B1E13722E0058E156 /* PBXContainerItemProxy */ = {
			isa = PBXContainerItemProxy;
			containerPortal = 4DF348F31E1371B10058E156 /* OAuthSwift.xcodeproj */;
			proxyType = 1;
			remoteGlobalIDString = F43502791A6791B200038A29;
			remoteInfo = OAuthSwift;
		};
		4DF3CAD11E131AA8007B64B6 /* PBXContainerItemProxy */ = {
			isa = PBXContainerItemProxy;
			containerPortal = 4DF3CAB41E131AA8007B64B6 /* Project object */;
			proxyType = 1;
			remoteGlobalIDString = 4DF3CABB1E131AA8007B64B6;
			remoteInfo = PhotoBriefer;
		};
		4DF3CADC1E131AA8007B64B6 /* PBXContainerItemProxy */ = {
			isa = PBXContainerItemProxy;
			containerPortal = 4DF3CAB41E131AA8007B64B6 /* Project object */;
			proxyType = 1;
			remoteGlobalIDString = 4DF3CABB1E131AA8007B64B6;
			remoteInfo = PhotoBriefer;
		};
/* End PBXContainerItemProxy section */

/* Begin PBXFileReference section */
		4D277A691E143F86001C52AD /* ViewController.swift */ = {isa = PBXFileReference; fileEncoding = 4; lastKnownFileType = sourcecode.swift; lineEnding = 0; name = ViewController.swift; path = ../OAuthSwift/Demo/Common/ViewController.swift; sourceTree = "<group>"; };
		4D277A6A1E143F86001C52AD /* WebViewController.swift */ = {isa = PBXFileReference; fileEncoding = 4; lastKnownFileType = sourcecode.swift; name = WebViewController.swift; path = ../OAuthSwift/Demo/Common/WebViewController.swift; sourceTree = "<group>"; };
		4D277A6B1E143F86001C52AD /* FormViewController.swift */ = {isa = PBXFileReference; fileEncoding = 4; lastKnownFileType = sourcecode.swift; name = FormViewController.swift; path = ../OAuthSwift/Demo/Common/FormViewController.swift; sourceTree = "<group>"; };
		4D277A6C1E143F86001C52AD /* NavigationController.swift */ = {isa = PBXFileReference; fileEncoding = 4; lastKnownFileType = sourcecode.swift; name = NavigationController.swift; path = ../OAuthSwift/Demo/Common/NavigationController.swift; sourceTree = "<group>"; };
		4D277A711E143F8F001C52AD /* Storyboards.swift */ = {isa = PBXFileReference; fileEncoding = 4; lastKnownFileType = sourcecode.swift; name = Storyboards.swift; path = ../OAuthSwift/Demo/Common/Storyboards.swift; sourceTree = "<group>"; };
		4D277A721E143F8F001C52AD /* Constants.swift */ = {isa = PBXFileReference; fileEncoding = 4; lastKnownFileType = sourcecode.swift; name = Constants.swift; path = ../OAuthSwift/Demo/Common/Constants.swift; sourceTree = "<group>"; };
		4D277A731E143F8F001C52AD /* Services.swift */ = {isa = PBXFileReference; fileEncoding = 4; lastKnownFileType = sourcecode.swift; name = Services.swift; path = ../OAuthSwift/Demo/Common/Services.swift; sourceTree = "<group>"; };
		4D277A771E143F99001C52AD /* Services.plist */ = {isa = PBXFileReference; fileEncoding = 4; lastKnownFileType = text.plist.xml; name = Services.plist; path = ../OAuthSwift/Demo/Common/Services.plist; sourceTree = "<group>"; };
		4D277A791E143FB0001C52AD /* LaunchScreen.storyboard */ = {isa = PBXFileReference; fileEncoding = 4; lastKnownFileType = file.storyboard; name = LaunchScreen.storyboard; path = ../OAuthSwift/Demo/iOS/LaunchScreen.storyboard; sourceTree = "<group>"; };
		4D277A7A1E143FB0001C52AD /* Main.storyboard */ = {isa = PBXFileReference; fileEncoding = 4; lastKnownFileType = file.storyboard; name = Main.storyboard; path = ../OAuthSwift/Demo/iOS/Main.storyboard; sourceTree = "<group>"; };
		4DF348F31E1371B10058E156 /* OAuthSwift.xcodeproj */ = {isa = PBXFileReference; lastKnownFileType = "wrapper.pb-project"; name = OAuthSwift.xcodeproj; path = OAuthSwift/OAuthSwift.xcodeproj; sourceTree = "<group>"; };
		4DF3CABC1E131AA8007B64B6 /* PhotoBriefer.app */ = {isa = PBXFileReference; explicitFileType = wrapper.application; includeInIndex = 0; path = PhotoBriefer.app; sourceTree = BUILT_PRODUCTS_DIR; };
		4DF3CABF1E131AA8007B64B6 /* AppDelegate.swift */ = {isa = PBXFileReference; lastKnownFileType = sourcecode.swift; path = AppDelegate.swift; sourceTree = "<group>"; };
		4DF3CAC61E131AA8007B64B6 /* Assets.xcassets */ = {isa = PBXFileReference; lastKnownFileType = folder.assetcatalog; path = Assets.xcassets; sourceTree = "<group>"; };
		4DF3CACB1E131AA8007B64B6 /* Info.plist */ = {isa = PBXFileReference; lastKnownFileType = text.plist.xml; path = Info.plist; sourceTree = "<group>"; };
		4DF3CAD01E131AA8007B64B6 /* PhotoBrieferTests.xctest */ = {isa = PBXFileReference; explicitFileType = wrapper.cfbundle; includeInIndex = 0; path = PhotoBrieferTests.xctest; sourceTree = BUILT_PRODUCTS_DIR; };
		4DF3CAD41E131AA8007B64B6 /* PhotoBrieferTests.swift */ = {isa = PBXFileReference; lastKnownFileType = sourcecode.swift; path = PhotoBrieferTests.swift; sourceTree = "<group>"; };
		4DF3CAD61E131AA8007B64B6 /* Info.plist */ = {isa = PBXFileReference; lastKnownFileType = text.plist.xml; path = Info.plist; sourceTree = "<group>"; };
		4DF3CADB1E131AA8007B64B6 /* PhotoBrieferUITests.xctest */ = {isa = PBXFileReference; explicitFileType = wrapper.cfbundle; includeInIndex = 0; path = PhotoBrieferUITests.xctest; sourceTree = BUILT_PRODUCTS_DIR; };
		4DF3CADF1E131AA8007B64B6 /* PhotoBrieferUITests.swift */ = {isa = PBXFileReference; lastKnownFileType = sourcecode.swift; path = PhotoBrieferUITests.swift; sourceTree = "<group>"; };
		4DF3CAE11E131AA8007B64B6 /* Info.plist */ = {isa = PBXFileReference; lastKnownFileType = text.plist.xml; path = Info.plist; sourceTree = "<group>"; };
/* End PBXFileReference section */

/* Begin PBXFrameworksBuildPhase section */
		4DF3CAB91E131AA8007B64B6 /* Frameworks */ = {
			isa = PBXFrameworksBuildPhase;
			buildActionMask = 2147483647;
			files = (
			);
			runOnlyForDeploymentPostprocessing = 0;
		};
		4DF3CACD1E131AA8007B64B6 /* Frameworks */ = {
			isa = PBXFrameworksBuildPhase;
			buildActionMask = 2147483647;
			files = (
			);
			runOnlyForDeploymentPostprocessing = 0;
		};
		4DF3CAD81E131AA8007B64B6 /* Frameworks */ = {
			isa = PBXFrameworksBuildPhase;
			buildActionMask = 2147483647;
			files = (
			);
			runOnlyForDeploymentPostprocessing = 0;
		};
/* End PBXFrameworksBuildPhase section */

/* Begin PBXGroup section */
		4D277A7E1E144206001C52AD /* Logon */ = {
			isa = PBXGroup;
			children = (
				4D277A771E143F99001C52AD /* Services.plist */,
				4D277A721E143F8F001C52AD /* Constants.swift */,
				4D277A731E143F8F001C52AD /* Services.swift */,
				4D277A691E143F86001C52AD /* ViewController.swift */,
				4D277A6A1E143F86001C52AD /* WebViewController.swift */,
				4D277A6B1E143F86001C52AD /* FormViewController.swift */,
				4D277A6C1E143F86001C52AD /* NavigationController.swift */,
			);
			name = Logon;
			sourceTree = "<group>";
		};
		4DF348F41E1371B10058E156 /* Products */ = {
			isa = PBXGroup;
			children = (
				4DF348FE1E1371B10058E156 /* OAuthSwift.framework */,
				4DF349001E1371B10058E156 /* OAuthSwift.framework */,
				4DF349021E1371B10058E156 /* OAuthSwift.framework */,
				4DF349041E1371B10058E156 /* OAuthSwift.framework */,
				4DF349061E1371B10058E156 /* OAuthSwiftDemo.app */,
				4DF349081E1371B10058E156 /* OAuthSwiftOSXDemo.app */,
				4DF3490A1E1371B10058E156 /* OAuthSwiftTests.xctest */,
			);
			name = Products;
			sourceTree = "<group>";
		};
		4DF3CAB31E131AA8007B64B6 = {
			isa = PBXGroup;
			children = (
				4DF348F31E1371B10058E156 /* OAuthSwift.xcodeproj */,
				4DF3CABE1E131AA8007B64B6 /* PhotoBriefer */,
				4DF3CAD31E131AA8007B64B6 /* PhotoBrieferTests */,
				4DF3CADE1E131AA8007B64B6 /* PhotoBrieferUITests */,
				4DF3CABD1E131AA8007B64B6 /* Products */,
			);
			sourceTree = "<group>";
		};
		4DF3CABD1E131AA8007B64B6 /* Products */ = {
			isa = PBXGroup;
			children = (
				4DF3CABC1E131AA8007B64B6 /* PhotoBriefer.app */,
				4DF3CAD01E131AA8007B64B6 /* PhotoBrieferTests.xctest */,
				4DF3CADB1E131AA8007B64B6 /* PhotoBrieferUITests.xctest */,
			);
			name = Products;
			sourceTree = "<group>";
		};
		4DF3CABE1E131AA8007B64B6 /* PhotoBriefer */ = {
			isa = PBXGroup;
			children = (
				4D277A791E143FB0001C52AD /* LaunchScreen.storyboard */,
				4D277A7A1E143FB0001C52AD /* Main.storyboard */,
				4D277A711E143F8F001C52AD /* Storyboards.swift */,
				4D277A7E1E144206001C52AD /* Logon */,
				4DF3CABF1E131AA8007B64B6 /* AppDelegate.swift */,
				4DF3CAC61E131AA8007B64B6 /* Assets.xcassets */,
				4DF3CACB1E131AA8007B64B6 /* Info.plist */,
			);
			path = PhotoBriefer;
			sourceTree = "<group>";
		};
		4DF3CAD31E131AA8007B64B6 /* PhotoBrieferTests */ = {
			isa = PBXGroup;
			children = (
				4DF3CAD41E131AA8007B64B6 /* PhotoBrieferTests.swift */,
				4DF3CAD61E131AA8007B64B6 /* Info.plist */,
			);
			path = PhotoBrieferTests;
			sourceTree = "<group>";
		};
		4DF3CADE1E131AA8007B64B6 /* PhotoBrieferUITests */ = {
			isa = PBXGroup;
			children = (
				4DF3CADF1E131AA8007B64B6 /* PhotoBrieferUITests.swift */,
				4DF3CAE11E131AA8007B64B6 /* Info.plist */,
			);
			path = PhotoBrieferUITests;
			sourceTree = "<group>";
		};
/* End PBXGroup section */

/* Begin PBXNativeTarget section */
		4DF3CABB1E131AA8007B64B6 /* PhotoBriefer */ = {
			isa = PBXNativeTarget;
			buildConfigurationList = 4DF3CAE41E131AA8007B64B6 /* Build configuration list for PBXNativeTarget "PhotoBriefer" */;
			buildPhases = (
				4DF3CAB81E131AA8007B64B6 /* Sources */,
				4DF3CAB91E131AA8007B64B6 /* Frameworks */,
				4DF3CABA1E131AA8007B64B6 /* Resources */,
			);
			buildRules = (
			);
			dependencies = (
				4DF3490C1E13722E0058E156 /* PBXTargetDependency */,
			);
			name = PhotoBriefer;
			productName = PhotoBriefer;
			productReference = 4DF3CABC1E131AA8007B64B6 /* PhotoBriefer.app */;
			productType = "com.apple.product-type.application";
		};
		4DF3CACF1E131AA8007B64B6 /* PhotoBrieferTests */ = {
			isa = PBXNativeTarget;
			buildConfigurationList = 4DF3CAE71E131AA8007B64B6 /* Build configuration list for PBXNativeTarget "PhotoBrieferTests" */;
			buildPhases = (
				4DF3CACC1E131AA8007B64B6 /* Sources */,
				4DF3CACD1E131AA8007B64B6 /* Frameworks */,
				4DF3CACE1E131AA8007B64B6 /* Resources */,
			);
			buildRules = (
			);
			dependencies = (
				4DF3CAD21E131AA8007B64B6 /* PBXTargetDependency */,
			);
			name = PhotoBrieferTests;
			productName = PhotoBrieferTests;
			productReference = 4DF3CAD01E131AA8007B64B6 /* PhotoBrieferTests.xctest */;
			productType = "com.apple.product-type.bundle.unit-test";
		};
		4DF3CADA1E131AA8007B64B6 /* PhotoBrieferUITests */ = {
			isa = PBXNativeTarget;
			buildConfigurationList = 4DF3CAEA1E131AA8007B64B6 /* Build configuration list for PBXNativeTarget "PhotoBrieferUITests" */;
			buildPhases = (
				4DF3CAD71E131AA8007B64B6 /* Sources */,
				4DF3CAD81E131AA8007B64B6 /* Frameworks */,
				4DF3CAD91E131AA8007B64B6 /* Resources */,
			);
			buildRules = (
			);
			dependencies = (
				4DF3CADD1E131AA8007B64B6 /* PBXTargetDependency */,
			);
			name = PhotoBrieferUITests;
			productName = PhotoBrieferUITests;
			productReference = 4DF3CADB1E131AA8007B64B6 /* PhotoBrieferUITests.xctest */;
			productType = "com.apple.product-type.bundle.ui-testing";
		};
/* End PBXNativeTarget section */

/* Begin PBXProject section */
		4DF3CAB41E131AA8007B64B6 /* Project object */ = {
			isa = PBXProject;
			attributes = {
				LastSwiftUpdateCheck = 0820;
				LastUpgradeCheck = 0820;
				ORGANIZATIONNAME = u023;
				TargetAttributes = {
					4DF3CABB1E131AA8007B64B6 = {
						CreatedOnToolsVersion = 8.2.1;
						DevelopmentTeam = 7P8FHBU8VX;
						ProvisioningStyle = Automatic;
					};
					4DF3CACF1E131AA8007B64B6 = {
						CreatedOnToolsVersion = 8.2.1;
						DevelopmentTeam = 7P8FHBU8VX;
						ProvisioningStyle = Automatic;
						TestTargetID = 4DF3CABB1E131AA8007B64B6;
					};
					4DF3CADA1E131AA8007B64B6 = {
						CreatedOnToolsVersion = 8.2.1;
						DevelopmentTeam = 7P8FHBU8VX;
						ProvisioningStyle = Automatic;
						TestTargetID = 4DF3CABB1E131AA8007B64B6;
					};
				};
			};
			buildConfigurationList = 4DF3CAB71E131AA8007B64B6 /* Build configuration list for PBXProject "PhotoBriefer" */;
			compatibilityVersion = "Xcode 3.2";
			developmentRegion = English;
			hasScannedForEncodings = 0;
			knownRegions = (
				en,
				Base,
			);
			mainGroup = 4DF3CAB31E131AA8007B64B6;
			productRefGroup = 4DF3CABD1E131AA8007B64B6 /* Products */;
			projectDirPath = "";
			projectReferences = (
				{
					ProductGroup = 4DF348F41E1371B10058E156 /* Products */;
					ProjectRef = 4DF348F31E1371B10058E156 /* OAuthSwift.xcodeproj */;
				},
			);
			projectRoot = "";
			targets = (
				4DF3CABB1E131AA8007B64B6 /* PhotoBriefer */,
				4DF3CACF1E131AA8007B64B6 /* PhotoBrieferTests */,
				4DF3CADA1E131AA8007B64B6 /* PhotoBrieferUITests */,
			);
		};
/* End PBXProject section */

/* Begin PBXReferenceProxy section */
		4DF348FE1E1371B10058E156 /* OAuthSwift.framework */ = {
			isa = PBXReferenceProxy;
			fileType = wrapper.framework;
			path = OAuthSwift.framework;
			remoteRef = 4DF348FD1E1371B10058E156 /* PBXContainerItemProxy */;
			sourceTree = BUILT_PRODUCTS_DIR;
		};
		4DF349001E1371B10058E156 /* OAuthSwift.framework */ = {
			isa = PBXReferenceProxy;
			fileType = wrapper.framework;
			path = OAuthSwift.framework;
			remoteRef = 4DF348FF1E1371B10058E156 /* PBXContainerItemProxy */;
			sourceTree = BUILT_PRODUCTS_DIR;
		};
		4DF349021E1371B10058E156 /* OAuthSwift.framework */ = {
			isa = PBXReferenceProxy;
			fileType = wrapper.framework;
			path = OAuthSwift.framework;
			remoteRef = 4DF349011E1371B10058E156 /* PBXContainerItemProxy */;
			sourceTree = BUILT_PRODUCTS_DIR;
		};
		4DF349041E1371B10058E156 /* OAuthSwift.framework */ = {
			isa = PBXReferenceProxy;
			fileType = wrapper.framework;
			path = OAuthSwift.framework;
			remoteRef = 4DF349031E1371B10058E156 /* PBXContainerItemProxy */;
			sourceTree = BUILT_PRODUCTS_DIR;
		};
		4DF349061E1371B10058E156 /* OAuthSwiftDemo.app */ = {
			isa = PBXReferenceProxy;
			fileType = wrapper.application;
			path = OAuthSwiftDemo.app;
			remoteRef = 4DF349051E1371B10058E156 /* PBXContainerItemProxy */;
			sourceTree = BUILT_PRODUCTS_DIR;
		};
		4DF349081E1371B10058E156 /* OAuthSwiftOSXDemo.app */ = {
			isa = PBXReferenceProxy;
			fileType = wrapper.application;
			path = OAuthSwiftOSXDemo.app;
			remoteRef = 4DF349071E1371B10058E156 /* PBXContainerItemProxy */;
			sourceTree = BUILT_PRODUCTS_DIR;
		};
		4DF3490A1E1371B10058E156 /* OAuthSwiftTests.xctest */ = {
			isa = PBXReferenceProxy;
			fileType = wrapper.cfbundle;
			path = OAuthSwiftTests.xctest;
			remoteRef = 4DF349091E1371B10058E156 /* PBXContainerItemProxy */;
			sourceTree = BUILT_PRODUCTS_DIR;
		};
/* End PBXReferenceProxy section */

/* Begin PBXResourcesBuildPhase section */
		4DF3CABA1E131AA8007B64B6 /* Resources */ = {
			isa = PBXResourcesBuildPhase;
			buildActionMask = 2147483647;
			files = (
				4D277A7B1E143FB0001C52AD /* LaunchScreen.storyboard in Resources */,
				4D277A781E143F99001C52AD /* Services.plist in Resources */,
				4DF3CAC71E131AA8007B64B6 /* Assets.xcassets in Resources */,
				4D277A7C1E143FB0001C52AD /* Main.storyboard in Resources */,
			);
			runOnlyForDeploymentPostprocessing = 0;
		};
		4DF3CACE1E131AA8007B64B6 /* Resources */ = {
			isa = PBXResourcesBuildPhase;
			buildActionMask = 2147483647;
			files = (
			);
			runOnlyForDeploymentPostprocessing = 0;
		};
		4DF3CAD91E131AA8007B64B6 /* Resources */ = {
			isa = PBXResourcesBuildPhase;
			buildActionMask = 2147483647;
			files = (
			);
			runOnlyForDeploymentPostprocessing = 0;
		};
/* End PBXResourcesBuildPhase section */

/* Begin PBXSourcesBuildPhase section */
		4DF3CAB81E131AA8007B64B6 /* Sources */ = {
			isa = PBXSourcesBuildPhase;
			buildActionMask = 2147483647;
			files = (
				4D277A741E143F8F001C52AD /* Storyboards.swift in Sources */,
				4D277A6D1E143F86001C52AD /* ViewController.swift in Sources */,
				4D277A6E1E143F86001C52AD /* WebViewController.swift in Sources */,
				4D277A701E143F86001C52AD /* NavigationController.swift in Sources */,
				4D277A751E143F8F001C52AD /* Constants.swift in Sources */,
				4D277A761E143F8F001C52AD /* Services.swift in Sources */,
				4D277A6F1E143F86001C52AD /* FormViewController.swift in Sources */,
				4DF3CAC01E131AA8007B64B6 /* AppDelegate.swift in Sources */,
			);
			runOnlyForDeploymentPostprocessing = 0;
		};
		4DF3CACC1E131AA8007B64B6 /* Sources */ = {
			isa = PBXSourcesBuildPhase;
			buildActionMask = 2147483647;
			files = (
				4DF3CAD51E131AA8007B64B6 /* PhotoBrieferTests.swift in Sources */,
			);
			runOnlyForDeploymentPostprocessing = 0;
		};
		4DF3CAD71E131AA8007B64B6 /* Sources */ = {
			isa = PBXSourcesBuildPhase;
			buildActionMask = 2147483647;
			files = (
				4DF3CAE01E131AA8007B64B6 /* PhotoBrieferUITests.swift in Sources */,
			);
			runOnlyForDeploymentPostprocessing = 0;
		};
/* End PBXSourcesBuildPhase section */

/* Begin PBXTargetDependency section */
		4DF3490C1E13722E0058E156 /* PBXTargetDependency */ = {
			isa = PBXTargetDependency;
			name = OAuthSwift;
			targetProxy = 4DF3490B1E13722E0058E156 /* PBXContainerItemProxy */;
		};
		4DF3CAD21E131AA8007B64B6 /* PBXTargetDependency */ = {
			isa = PBXTargetDependency;
			target = 4DF3CABB1E131AA8007B64B6 /* PhotoBriefer */;
			targetProxy = 4DF3CAD11E131AA8007B64B6 /* PBXContainerItemProxy */;
		};
		4DF3CADD1E131AA8007B64B6 /* PBXTargetDependency */ = {
			isa = PBXTargetDependency;
			target = 4DF3CABB1E131AA8007B64B6 /* PhotoBriefer */;
			targetProxy = 4DF3CADC1E131AA8007B64B6 /* PBXContainerItemProxy */;
		};
/* End PBXTargetDependency section */

/* Begin XCBuildConfiguration section */
		4DF3CAE21E131AA8007B64B6 /* Debug */ = {
			isa = XCBuildConfiguration;
			buildSettings = {
				ALWAYS_SEARCH_USER_PATHS = NO;
				CLANG_ANALYZER_NONNULL = YES;
				CLANG_CXX_LANGUAGE_STANDARD = "gnu++0x";
				CLANG_CXX_LIBRARY = "libc++";
				CLANG_ENABLE_MODULES = YES;
				CLANG_ENABLE_OBJC_ARC = YES;
				CLANG_WARN_BOOL_CONVERSION = YES;
				CLANG_WARN_CONSTANT_CONVERSION = YES;
				CLANG_WARN_DIRECT_OBJC_ISA_USAGE = YES_ERROR;
				CLANG_WARN_DOCUMENTATION_COMMENTS = YES;
				CLANG_WARN_EMPTY_BODY = YES;
				CLANG_WARN_ENUM_CONVERSION = YES;
				CLANG_WARN_INFINITE_RECURSION = YES;
				CLANG_WARN_INT_CONVERSION = YES;
				CLANG_WARN_OBJC_ROOT_CLASS = YES_ERROR;
				CLANG_WARN_SUSPICIOUS_MOVE = YES;
				CLANG_WARN_UNREACHABLE_CODE = YES;
				CLANG_WARN__DUPLICATE_METHOD_MATCH = YES;
				"CODE_SIGN_IDENTITY[sdk=iphoneos*]" = "iPhone Developer";
				COPY_PHASE_STRIP = NO;
				DEBUG_INFORMATION_FORMAT = dwarf;
				ENABLE_STRICT_OBJC_MSGSEND = YES;
				ENABLE_TESTABILITY = YES;
				GCC_C_LANGUAGE_STANDARD = gnu99;
				GCC_DYNAMIC_NO_PIC = NO;
				GCC_NO_COMMON_BLOCKS = YES;
				GCC_OPTIMIZATION_LEVEL = 0;
				GCC_PREPROCESSOR_DEFINITIONS = (
					"DEBUG=1",
					"$(inherited)",
				);
				GCC_WARN_64_TO_32_BIT_CONVERSION = YES;
				GCC_WARN_ABOUT_RETURN_TYPE = YES_ERROR;
				GCC_WARN_UNDECLARED_SELECTOR = YES;
				GCC_WARN_UNINITIALIZED_AUTOS = YES_AGGRESSIVE;
				GCC_WARN_UNUSED_FUNCTION = YES;
				GCC_WARN_UNUSED_VARIABLE = YES;
				IPHONEOS_DEPLOYMENT_TARGET = 10.2;
				MTL_ENABLE_DEBUG_INFO = YES;
				ONLY_ACTIVE_ARCH = YES;
				SDKROOT = iphoneos;
				SWIFT_ACTIVE_COMPILATION_CONDITIONS = DEBUG;
				SWIFT_OPTIMIZATION_LEVEL = "-Onone";
				TARGETED_DEVICE_FAMILY = "1,2";
			};
			name = Debug;
		};
		4DF3CAE31E131AA8007B64B6 /* Release */ = {
			isa = XCBuildConfiguration;
			buildSettings = {
				ALWAYS_SEARCH_USER_PATHS = NO;
				CLANG_ANALYZER_NONNULL = YES;
				CLANG_CXX_LANGUAGE_STANDARD = "gnu++0x";
				CLANG_CXX_LIBRARY = "libc++";
				CLANG_ENABLE_MODULES = YES;
				CLANG_ENABLE_OBJC_ARC = YES;
				CLANG_WARN_BOOL_CONVERSION = YES;
				CLANG_WARN_CONSTANT_CONVERSION = YES;
				CLANG_WARN_DIRECT_OBJC_ISA_USAGE = YES_ERROR;
				CLANG_WARN_DOCUMENTATION_COMMENTS = YES;
				CLANG_WARN_EMPTY_BODY = YES;
				CLANG_WARN_ENUM_CONVERSION = YES;
				CLANG_WARN_INFINITE_RECURSION = YES;
				CLANG_WARN_INT_CONVERSION = YES;
				CLANG_WARN_OBJC_ROOT_CLASS = YES_ERROR;
				CLANG_WARN_SUSPICIOUS_MOVE = YES;
				CLANG_WARN_UNREACHABLE_CODE = YES;
				CLANG_WARN__DUPLICATE_METHOD_MATCH = YES;
				"CODE_SIGN_IDENTITY[sdk=iphoneos*]" = "iPhone Developer";
				COPY_PHASE_STRIP = NO;
				DEBUG_INFORMATION_FORMAT = "dwarf-with-dsym";
				ENABLE_NS_ASSERTIONS = NO;
				ENABLE_STRICT_OBJC_MSGSEND = YES;
				GCC_C_LANGUAGE_STANDARD = gnu99;
				GCC_NO_COMMON_BLOCKS = YES;
				GCC_WARN_64_TO_32_BIT_CONVERSION = YES;
				GCC_WARN_ABOUT_RETURN_TYPE = YES_ERROR;
				GCC_WARN_UNDECLARED_SELECTOR = YES;
				GCC_WARN_UNINITIALIZED_AUTOS = YES_AGGRESSIVE;
				GCC_WARN_UNUSED_FUNCTION = YES;
				GCC_WARN_UNUSED_VARIABLE = YES;
				IPHONEOS_DEPLOYMENT_TARGET = 10.2;
				MTL_ENABLE_DEBUG_INFO = NO;
				SDKROOT = iphoneos;
				SWIFT_OPTIMIZATION_LEVEL = "-Owholemodule";
				TARGETED_DEVICE_FAMILY = "1,2";
				VALIDATE_PRODUCT = YES;
			};
			name = Release;
		};
		4DF3CAE51E131AA8007B64B6 /* Debug */ = {
			isa = XCBuildConfiguration;
			buildSettings = {
				ASSETCATALOG_COMPILER_APPICON_NAME = AppIcon;
				DEVELOPMENT_TEAM = 7P8FHBU8VX;
				INFOPLIST_FILE = PhotoBriefer/Info.plist;
				LD_RUNPATH_SEARCH_PATHS = "$(inherited) @executable_path/Frameworks";
				PRODUCT_BUNDLE_IDENTIFIER = com.u023.PhotoBriefer;
				PRODUCT_NAME = "$(TARGET_NAME)";
				SWIFT_VERSION = 3.0;
			};
			name = Debug;
		};
		4DF3CAE61E131AA8007B64B6 /* Release */ = {
			isa = XCBuildConfiguration;
			buildSettings = {
				ASSETCATALOG_COMPILER_APPICON_NAME = AppIcon;
				DEVELOPMENT_TEAM = 7P8FHBU8VX;
				INFOPLIST_FILE = PhotoBriefer/Info.plist;
				LD_RUNPATH_SEARCH_PATHS = "$(inherited) @executable_path/Frameworks";
				PRODUCT_BUNDLE_IDENTIFIER = com.u023.PhotoBriefer;
				PRODUCT_NAME = "$(TARGET_NAME)";
				SWIFT_VERSION = 3.0;
			};
			name = Release;
		};
		4DF3CAE81E131AA8007B64B6 /* Debug */ = {
			isa = XCBuildConfiguration;
			buildSettings = {
				ALWAYS_EMBED_SWIFT_STANDARD_LIBRARIES = YES;
				BUNDLE_LOADER = "$(TEST_HOST)";
				DEVELOPMENT_TEAM = 7P8FHBU8VX;
				INFOPLIST_FILE = PhotoBrieferTests/Info.plist;
				LD_RUNPATH_SEARCH_PATHS = "$(inherited) @executable_path/Frameworks @loader_path/Frameworks";
				PRODUCT_BUNDLE_IDENTIFIER = com.u023.PhotoBrieferTests;
				PRODUCT_NAME = "$(TARGET_NAME)";
				SWIFT_VERSION = 3.0;
				TEST_HOST = "$(BUILT_PRODUCTS_DIR)/PhotoBriefer.app/PhotoBriefer";
			};
			name = Debug;
		};
		4DF3CAE91E131AA8007B64B6 /* Release */ = {
			isa = XCBuildConfiguration;
			buildSettings = {
				ALWAYS_EMBED_SWIFT_STANDARD_LIBRARIES = YES;
				BUNDLE_LOADER = "$(TEST_HOST)";
				DEVELOPMENT_TEAM = 7P8FHBU8VX;
				INFOPLIST_FILE = PhotoBrieferTests/Info.plist;
				LD_RUNPATH_SEARCH_PATHS = "$(inherited) @executable_path/Frameworks @loader_path/Frameworks";
				PRODUCT_BUNDLE_IDENTIFIER = com.u023.PhotoBrieferTests;
				PRODUCT_NAME = "$(TARGET_NAME)";
				SWIFT_VERSION = 3.0;
				TEST_HOST = "$(BUILT_PRODUCTS_DIR)/PhotoBriefer.app/PhotoBriefer";
			};
			name = Release;
		};
		4DF3CAEB1E131AA8007B64B6 /* Debug */ = {
			isa = XCBuildConfiguration;
			buildSettings = {
				ALWAYS_EMBED_SWIFT_STANDARD_LIBRARIES = YES;
				DEVELOPMENT_TEAM = 7P8FHBU8VX;
				INFOPLIST_FILE = PhotoBrieferUITests/Info.plist;
				LD_RUNPATH_SEARCH_PATHS = "$(inherited) @executable_path/Frameworks @loader_path/Frameworks";
				PRODUCT_BUNDLE_IDENTIFIER = com.u023.PhotoBrieferUITests;
				PRODUCT_NAME = "$(TARGET_NAME)";
				SWIFT_VERSION = 3.0;
				TEST_TARGET_NAME = PhotoBriefer;
			};
			name = Debug;
		};
		4DF3CAEC1E131AA8007B64B6 /* Release */ = {
			isa = XCBuildConfiguration;
			buildSettings = {
				ALWAYS_EMBED_SWIFT_STANDARD_LIBRARIES = YES;
				DEVELOPMENT_TEAM = 7P8FHBU8VX;
				INFOPLIST_FILE = PhotoBrieferUITests/Info.plist;
				LD_RUNPATH_SEARCH_PATHS = "$(inherited) @executable_path/Frameworks @loader_path/Frameworks";
				PRODUCT_BUNDLE_IDENTIFIER = com.u023.PhotoBrieferUITests;
				PRODUCT_NAME = "$(TARGET_NAME)";
				SWIFT_VERSION = 3.0;
				TEST_TARGET_NAME = PhotoBriefer;
			};
			name = Release;
		};
/* End XCBuildConfiguration section */

/* Begin XCConfigurationList section */
		4DF3CAB71E131AA8007B64B6 /* Build configuration list for PBXProject "PhotoBriefer" */ = {
			isa = XCConfigurationList;
			buildConfigurations = (
				4DF3CAE21E131AA8007B64B6 /* Debug */,
				4DF3CAE31E131AA8007B64B6 /* Release */,
			);
			defaultConfigurationIsVisible = 0;
			defaultConfigurationName = Release;
		};
		4DF3CAE41E131AA8007B64B6 /* Build configuration list for PBXNativeTarget "PhotoBriefer" */ = {
			isa = XCConfigurationList;
			buildConfigurations = (
				4DF3CAE51E131AA8007B64B6 /* Debug */,
				4DF3CAE61E131AA8007B64B6 /* Release */,
			);
			defaultConfigurationIsVisible = 0;
			defaultConfigurationName = Release;
		};
		4DF3CAE71E131AA8007B64B6 /* Build configuration list for PBXNativeTarget "PhotoBrieferTests" */ = {
			isa = XCConfigurationList;
			buildConfigurations = (
				4DF3CAE81E131AA8007B64B6 /* Debug */,
				4DF3CAE91E131AA8007B64B6 /* Release */,
			);
			defaultConfigurationIsVisible = 0;
			defaultConfigurationName = Release;
		};
		4DF3CAEA1E131AA8007B64B6 /* Build configuration list for PBXNativeTarget "PhotoBrieferUITests" */ = {
			isa = XCConfigurationList;
			buildConfigurations = (
				4DF3CAEB1E131AA8007B64B6 /* Debug */,
				4DF3CAEC1E131AA8007B64B6 /* Release */,
			);
			defaultConfigurationIsVisible = 0;
			defaultConfigurationName = Release;
		};
/* End XCConfigurationList section */
	};
	rootObject = 4DF3CAB41E131AA8007B64B6 /* Project object */;
}
